{
  "name": "hazardk",
  "version": "1.0.0",
  "lockfileVersion": 1,
  "requires": true,
  "dependencies": {
    "phaser3-transitions": {
      "version": "1.0.1",
      "resolved": "https://registry.npmjs.org/phaser3-transitions/-/phaser3-transitions-1.0.1.tgz",
      "integrity": "sha512-jVJhOykb/1oP9c0xS7DA7lX36CwKkZ89f5K6h2VycK0Jz04sxSRisB8x2ZH74IGNWAsdSN7ka+SwXvc589s8Sw=="
    }
  }
}
